
Microsoft Visual Studio Solution File, Format Version 12.00
# Visual Studio Version 17
VisualStudioVersion = 17.8.34330.188
MinimumVisualStudioVersion = 10.0.40219.1
Project("{FAE04EC0-301F-11D3-BF4B-00C04F79EFBC}") = "expresionm4", "expresionm4\expresionm4.csproj", "{02B229E2-913A-431D-A1BC-F9B3D8FD0155}"
EndProject
Global
	GlobalSection(SolutionConfigurationPlatforms) = preSolution
		Debug|Any CPU = Debug|Any CPU
		Release|Any CPU = Release|Any CPU
	EndGlobalSection
	GlobalSection(ProjectConfigurationPlatforms) = postSolution
		{02B229E2-913A-431D-A1BC-F9B3D8FD0155}.Debug|Any CPU.ActiveCfg = Debug|Any CPU
		{02B229E2-913A-431D-A1BC-F9B3D8FD0155}.Debug|Any CPU.Build.0 = Debug|Any CPU
		{02B229E2-913A-431D-A1BC-F9B3D8FD0155}.Release|Any CPU.ActiveCfg = Release|Any CPU
		{02B229E2-913A-431D-A1BC-F9B3D8FD0155}.Release|Any CPU.Build.0 = Release|Any CPU
	EndGlobalSection
	GlobalSection(SolutionProperties) = preSolution
		HideSolutionNode = FALSE
	EndGlobalSection
	GlobalSection(ExtensibilityGlobals) = postSolution
		SolutionGuid = {F8FBFE59-C0BA-422F-B653-1FC8B1937943}
	EndGlobalSection
EndGlobal
